
Microsoft Visual Studio Solution File, Format Version 12.00
# Visual Studio Version 16
VisualStudioVersion = 16.0.30114.105
MinimumVisualStudioVersion = 10.0.40219.1
Project("{FAE04EC0-301F-11D3-BF4B-00C04F79EFBC}") = "RestWithAspNetFive", "RestWithAspNetFive\RestWithAspNetFive.csproj", "{BBB28B3E-2A12-471C-BD1A-E22703325DCD}"
EndProject
Global
	GlobalSection(SolutionConfigurationPlatforms) = preSolution
		Debug|Any CPU = Debug|Any CPU
		Release|Any CPU = Release|Any CPU
	EndGlobalSection
	GlobalSection(SolutionProperties) = preSolution
		HideSolutionNode = FALSE
	EndGlobalSection
	GlobalSection(ProjectConfigurationPlatforms) = postSolution
		{BBB28B3E-2A12-471C-BD1A-E22703325DCD}.Debug|Any CPU.ActiveCfg = Debug|Any CPU
		{BBB28B3E-2A12-471C-BD1A-E22703325DCD}.Debug|Any CPU.Build.0 = Debug|Any CPU
		{BBB28B3E-2A12-471C-BD1A-E22703325DCD}.Release|Any CPU.ActiveCfg = Release|Any CPU
		{BBB28B3E-2A12-471C-BD1A-E22703325DCD}.Release|Any CPU.Build.0 = Release|Any CPU
	EndGlobalSection
EndGlobal
